
Microsoft Visual Studio Solution File, Format Version 12.00
Project("{FAE04EC0-301F-11D3-BF4B-00C04F79EFBC}") = "SpikeWeekAws", "SpikeWeekAws\SpikeWeekAws.csproj", "{2C8201D4-386E-46A0-A870-217DAD611EE7}"
EndProject
Global
	GlobalSection(SolutionConfigurationPlatforms) = preSolution
		Debug|Any CPU = Debug|Any CPU
		Release|Any CPU = Release|Any CPU
	EndGlobalSection
	GlobalSection(ProjectConfigurationPlatforms) = postSolution
		{2C8201D4-386E-46A0-A870-217DAD611EE7}.Debug|Any CPU.ActiveCfg = Debug|Any CPU
		{2C8201D4-386E-46A0-A870-217DAD611EE7}.Debug|Any CPU.Build.0 = Debug|Any CPU
		{2C8201D4-386E-46A0-A870-217DAD611EE7}.Release|Any CPU.ActiveCfg = Release|Any CPU
		{2C8201D4-386E-46A0-A870-217DAD611EE7}.Release|Any CPU.Build.0 = Release|Any CPU
	EndGlobalSection
EndGlobal
